
Microsoft Visual Studio Solution File, Format Version 12.00
# Visual Studio Version 17
VisualStudioVersion = 17.8.34525.116
MinimumVisualStudioVersion = 10.0.40219.1
Project("{9A19103F-16F7-4668-BE54-9A1E7A4F7556}") = "aparta+", "aparta+\aparta+.csproj", "{92BF921D-961A-48F2-87C9-600AB3709CD1}"
EndProject
Project("{FAE04EC0-301F-11D3-BF4B-00C04F79EFBC}") = "data-aparta+", "data-aparta+\data-aparta+.csproj", "{59E15C26-283F-4180-A53B-F556B33A354D}"
EndProject
Global
	GlobalSection(SolutionConfigurationPlatforms) = preSolution
		Debug|Any CPU = Debug|Any CPU
		Release|Any CPU = Release|Any CPU
	EndGlobalSection
	GlobalSection(ProjectConfigurationPlatforms) = postSolution
		{92BF921D-961A-48F2-87C9-600AB3709CD1}.Debug|Any CPU.ActiveCfg = Debug|Any CPU
		{92BF921D-961A-48F2-87C9-600AB3709CD1}.Debug|Any CPU.Build.0 = Debug|Any CPU
		{92BF921D-961A-48F2-87C9-600AB3709CD1}.Release|Any CPU.ActiveCfg = Release|Any CPU
		{92BF921D-961A-48F2-87C9-600AB3709CD1}.Release|Any CPU.Build.0 = Release|Any CPU
		{59E15C26-283F-4180-A53B-F556B33A354D}.Debug|Any CPU.ActiveCfg = Debug|Any CPU
		{59E15C26-283F-4180-A53B-F556B33A354D}.Debug|Any CPU.Build.0 = Debug|Any CPU
		{59E15C26-283F-4180-A53B-F556B33A354D}.Release|Any CPU.ActiveCfg = Release|Any CPU
		{59E15C26-283F-4180-A53B-F556B33A354D}.Release|Any CPU.Build.0 = Release|Any CPU
	EndGlobalSection
	GlobalSection(SolutionProperties) = preSolution
		HideSolutionNode = FALSE
	EndGlobalSection
	GlobalSection(ExtensibilityGlobals) = postSolution
		SolutionGuid = {BE20BA88-C46F-4333-B1C8-B7E4FD6CF0A8}
	EndGlobalSection
EndGlobal
